// !$*UTF8*$!
{
	archiveVersion = 1;
	classes = {
	};
	objectVersion = 52;
	objects = {

/* Begin PBXBuildFile section */
		7B4945E223E7644000A0071D /* AppDelegate.swift in Sources */ = {isa = PBXBuildFile; fileRef = 7B4945E123E7644000A0071D /* AppDelegate.swift */; };
		7B4945E423E7644000A0071D /* SceneDelegate.swift in Sources */ = {isa = PBXBuildFile; fileRef = 7B4945E323E7644000A0071D /* SceneDelegate.swift */; };
		7B4945E623E7644000A0071D /* ScoreboardView.swift in Sources */ = {isa = PBXBuildFile; fileRef = 7B4945E523E7644000A0071D /* ScoreboardView.swift */; };
		7B4945E823E7644600A0071D /* Assets.xcassets in Resources */ = {isa = PBXBuildFile; fileRef = 7B4945E723E7644600A0071D /* Assets.xcassets */; };
		7B4945EB23E7644600A0071D /* Preview Assets.xcassets in Resources */ = {isa = PBXBuildFile; fileRef = 7B4945EA23E7644600A0071D /* Preview Assets.xcassets */; };
		7B4945EE23E7644600A0071D /* LaunchScreen.storyboard in Resources */ = {isa = PBXBuildFile; fileRef = 7B4945EC23E7644600A0071D /* LaunchScreen.storyboard */; };
		7B4945F923E7644600A0071D /* ScoreboardViewModelTests.swift in Sources */ = {isa = PBXBuildFile; fileRef = 7B4945F823E7644600A0071D /* ScoreboardViewModelTests.swift */; };
		7B49460923E7653500A0071D /* Scoreboard+ReCombine.swift in Sources */ = {isa = PBXBuildFile; fileRef = 7B49460823E7653500A0071D /* Scoreboard+ReCombine.swift */; };
		7B49460B23E8DDC300A0071D /* ScoreboardViewModel.swift in Sources */ = {isa = PBXBuildFile; fileRef = 7B49460A23E8DDC300A0071D /* ScoreboardViewModel.swift */; };
		7B49460E23ECE31200A0071D /* ReCombine in Frameworks */ = {isa = PBXBuildFile; productRef = 7B49460D23ECE31200A0071D /* ReCombine */; };
		7B49461023ECE31200A0071D /* ReCombineTest in Frameworks */ = {isa = PBXBuildFile; productRef = 7B49460F23ECE31200A0071D /* ReCombineTest */; };
		7B49461223ECEEB300A0071D /* Scoreboard+ReCombineTests.swift in Sources */ = {isa = PBXBuildFile; fileRef = 7B49461123ECEEB300A0071D /* Scoreboard+ReCombineTests.swift */; };
		7B49461423ECF47000A0071D /* ScoreAPIManager.swift in Sources */ = {isa = PBXBuildFile; fileRef = 7B49461323ECF47000A0071D /* ScoreAPIManager.swift */; };
/* End PBXBuildFile section */

/* Begin PBXContainerItemProxy section */
		7B4945F523E7644600A0071D /* PBXContainerItemProxy */ = {
			isa = PBXContainerItemProxy;
			containerPortal = 7B4945D623E7644000A0071D /* Project object */;
			proxyType = 1;
			remoteGlobalIDString = 7B4945DD23E7644000A0071D;
			remoteInfo = "ReCombine Scoreboard";
		};
/* End PBXContainerItemProxy section */

/* Begin PBXFileReference section */
		7B4945DE23E7644000A0071D /* ReCombine Scoreboard.app */ = {isa = PBXFileReference; explicitFileType = wrapper.application; includeInIndex = 0; path = "ReCombine Scoreboard.app"; sourceTree = BUILT_PRODUCTS_DIR; };
		7B4945E123E7644000A0071D /* AppDelegate.swift */ = {isa = PBXFileReference; lastKnownFileType = sourcecode.swift; path = AppDelegate.swift; sourceTree = "<group>"; };
		7B4945E323E7644000A0071D /* SceneDelegate.swift */ = {isa = PBXFileReference; lastKnownFileType = sourcecode.swift; path = SceneDelegate.swift; sourceTree = "<group>"; };
		7B4945E523E7644000A0071D /* ScoreboardView.swift */ = {isa = PBXFileReference; lastKnownFileType = sourcecode.swift; path = ScoreboardView.swift; sourceTree = "<group>"; };
		7B4945E723E7644600A0071D /* Assets.xcassets */ = {isa = PBXFileReference; lastKnownFileType = folder.assetcatalog; path = Assets.xcassets; sourceTree = "<group>"; };
		7B4945EA23E7644600A0071D /* Preview Assets.xcassets */ = {isa = PBXFileReference; lastKnownFileType = folder.assetcatalog; path = "Preview Assets.xcassets"; sourceTree = "<group>"; };
		7B4945ED23E7644600A0071D /* Base */ = {isa = PBXFileReference; lastKnownFileType = file.storyboard; name = Base; path = Base.lproj/LaunchScreen.storyboard; sourceTree = "<group>"; };
		7B4945EF23E7644600A0071D /* Info.plist */ = {isa = PBXFileReference; lastKnownFileType = text.plist.xml; path = Info.plist; sourceTree = "<group>"; };
		7B4945F423E7644600A0071D /* ReCombine ScoreboardTests.xctest */ = {isa = PBXFileReference; explicitFileType = wrapper.cfbundle; includeInIndex = 0; path = "ReCombine ScoreboardTests.xctest"; sourceTree = BUILT_PRODUCTS_DIR; };
		7B4945F823E7644600A0071D /* ScoreboardViewModelTests.swift */ = {isa = PBXFileReference; lastKnownFileType = sourcecode.swift; path = ScoreboardViewModelTests.swift; sourceTree = "<group>"; };
		7B4945FA23E7644600A0071D /* Info.plist */ = {isa = PBXFileReference; lastKnownFileType = text.plist.xml; path = Info.plist; sourceTree = "<group>"; };
		7B49460823E7653500A0071D /* Scoreboard+ReCombine.swift */ = {isa = PBXFileReference; lastKnownFileType = sourcecode.swift; path = "Scoreboard+ReCombine.swift"; sourceTree = "<group>"; };
		7B49460A23E8DDC300A0071D /* ScoreboardViewModel.swift */ = {isa = PBXFileReference; lastKnownFileType = sourcecode.swift; path = ScoreboardViewModel.swift; sourceTree = "<group>"; };
		7B49461123ECEEB300A0071D /* Scoreboard+ReCombineTests.swift */ = {isa = PBXFileReference; lastKnownFileType = sourcecode.swift; path = "Scoreboard+ReCombineTests.swift"; sourceTree = "<group>"; };
		7B49461323ECF47000A0071D /* ScoreAPIManager.swift */ = {isa = PBXFileReference; lastKnownFileType = sourcecode.swift; path = ScoreAPIManager.swift; sourceTree = "<group>"; };
/* End PBXFileReference section */

/* Begin PBXFrameworksBuildPhase section */
		7B4945DB23E7644000A0071D /* Frameworks */ = {
			isa = PBXFrameworksBuildPhase;
			buildActionMask = 2147483647;
			files = (
				7B49460E23ECE31200A0071D /* ReCombine in Frameworks */,
			);
			runOnlyForDeploymentPostprocessing = 0;
		};
		7B4945F123E7644600A0071D /* Frameworks */ = {
			isa = PBXFrameworksBuildPhase;
			buildActionMask = 2147483647;
			files = (
				7B49461023ECE31200A0071D /* ReCombineTest in Frameworks */,
			);
			runOnlyForDeploymentPostprocessing = 0;
		};
/* End PBXFrameworksBuildPhase section */

/* Begin PBXGroup section */
		7B4945D523E7644000A0071D = {
			isa = PBXGroup;
			children = (
				7B4945E023E7644000A0071D /* ReCombine Scoreboard */,
				7B4945F723E7644600A0071D /* ReCombine ScoreboardTests */,
				7B4945DF23E7644000A0071D /* Products */,
			);
			sourceTree = "<group>";
		};
		7B4945DF23E7644000A0071D /* Products */ = {
			isa = PBXGroup;
			children = (
				7B4945DE23E7644000A0071D /* ReCombine Scoreboard.app */,
				7B4945F423E7644600A0071D /* ReCombine ScoreboardTests.xctest */,
			);
			name = Products;
			sourceTree = "<group>";
		};
		7B4945E023E7644000A0071D /* ReCombine Scoreboard */ = {
			isa = PBXGroup;
			children = (
				7B4945E123E7644000A0071D /* AppDelegate.swift */,
				7B4945E323E7644000A0071D /* SceneDelegate.swift */,
				7B4945E523E7644000A0071D /* ScoreboardView.swift */,
				7B49460A23E8DDC300A0071D /* ScoreboardViewModel.swift */,
				7B49460823E7653500A0071D /* Scoreboard+ReCombine.swift */,
				7B49461323ECF47000A0071D /* ScoreAPIManager.swift */,
				7B4945E723E7644600A0071D /* Assets.xcassets */,
				7B4945EC23E7644600A0071D /* LaunchScreen.storyboard */,
				7B4945EF23E7644600A0071D /* Info.plist */,
				7B4945E923E7644600A0071D /* Preview Content */,
			);
			path = "ReCombine Scoreboard";
			sourceTree = "<group>";
		};
		7B4945E923E7644600A0071D /* Preview Content */ = {
			isa = PBXGroup;
			children = (
				7B4945EA23E7644600A0071D /* Preview Assets.xcassets */,
			);
			path = "Preview Content";
			sourceTree = "<group>";
		};
		7B4945F723E7644600A0071D /* ReCombine ScoreboardTests */ = {
			isa = PBXGroup;
			children = (
				7B4945F823E7644600A0071D /* ScoreboardViewModelTests.swift */,
				7B4945FA23E7644600A0071D /* Info.plist */,
				7B49461123ECEEB300A0071D /* Scoreboard+ReCombineTests.swift */,
			);
			path = "ReCombine ScoreboardTests";
			sourceTree = "<group>";
		};
/* End PBXGroup section */

/* Begin PBXNativeTarget section */
		7B4945DD23E7644000A0071D /* ReCombine Scoreboard */ = {
			isa = PBXNativeTarget;
			buildConfigurationList = 7B4945FD23E7644600A0071D /* Build configuration list for PBXNativeTarget "ReCombine Scoreboard" */;
			buildPhases = (
				7B4945DA23E7644000A0071D /* Sources */,
				7B4945DB23E7644000A0071D /* Frameworks */,
				7B4945DC23E7644000A0071D /* Resources */,
			);
			buildRules = (
			);
			dependencies = (
			);
			name = "ReCombine Scoreboard";
			packageProductDependencies = (
				7B49460D23ECE31200A0071D /* ReCombine */,
			);
			productName = "ReCombine Scoreboard";
			productReference = 7B4945DE23E7644000A0071D /* ReCombine Scoreboard.app */;
			productType = "com.apple.product-type.application";
		};
		7B4945F323E7644600A0071D /* ReCombine ScoreboardTests */ = {
			isa = PBXNativeTarget;
			buildConfigurationList = 7B49460023E7644600A0071D /* Build configuration list for PBXNativeTarget "ReCombine ScoreboardTests" */;
			buildPhases = (
				7B4945F023E7644600A0071D /* Sources */,
				7B4945F123E7644600A0071D /* Frameworks */,
				7B4945F223E7644600A0071D /* Resources */,
			);
			buildRules = (
			);
			dependencies = (
				7B4945F623E7644600A0071D /* PBXTargetDependency */,
			);
			name = "ReCombine ScoreboardTests";
			packageProductDependencies = (
				7B49460F23ECE31200A0071D /* ReCombineTest */,
			);
			productName = "ReCombine ScoreboardTests";
			productReference = 7B4945F423E7644600A0071D /* ReCombine ScoreboardTests.xctest */;
			productType = "com.apple.product-type.bundle.unit-test";
		};
/* End PBXNativeTarget section */

/* Begin PBXProject section */
		7B4945D623E7644000A0071D /* Project object */ = {
			isa = PBXProject;
			attributes = {
				LastSwiftUpdateCheck = 1130;
				LastUpgradeCheck = 1130;
				ORGANIZATIONNAME = JohnCrowson;
				TargetAttributes = {
					7B4945DD23E7644000A0071D = {
						CreatedOnToolsVersion = 11.3.1;
					};
					7B4945F323E7644600A0071D = {
						CreatedOnToolsVersion = 11.3.1;
						TestTargetID = 7B4945DD23E7644000A0071D;
					};
				};
			};
			buildConfigurationList = 7B4945D923E7644000A0071D /* Build configuration list for PBXProject "ReCombine Scoreboard" */;
			compatibilityVersion = "Xcode 9.3";
			developmentRegion = en;
			hasScannedForEncodings = 0;
			knownRegions = (
				en,
				Base,
			);
			mainGroup = 7B4945D523E7644000A0071D;
			packageReferences = (
				7B49460C23ECE31200A0071D /* XCRemoteSwiftPackageReference "recombine" */,
			);
			productRefGroup = 7B4945DF23E7644000A0071D /* Products */;
			projectDirPath = "";
			projectRoot = "";
			targets = (
				7B4945DD23E7644000A0071D /* ReCombine Scoreboard */,
				7B4945F323E7644600A0071D /* ReCombine ScoreboardTests */,
			);
		};
/* End PBXProject section */

/* Begin PBXResourcesBuildPhase section */
		7B4945DC23E7644000A0071D /* Resources */ = {
			isa = PBXResourcesBuildPhase;
			buildActionMask = 2147483647;
			files = (
				7B4945EE23E7644600A0071D /* LaunchScreen.storyboard in Resources */,
				7B4945EB23E7644600A0071D /* Preview Assets.xcassets in Resources */,
				7B4945E823E7644600A0071D /* Assets.xcassets in Resources */,
			);
			runOnlyForDeploymentPostprocessing = 0;
		};
		7B4945F223E7644600A0071D /* Resources */ = {
			isa = PBXResourcesBuildPhase;
			buildActionMask = 2147483647;
			files = (
			);
			runOnlyForDeploymentPostprocessing = 0;
		};
/* End PBXResourcesBuildPhase section */

/* Begin PBXSourcesBuildPhase section */
		7B4945DA23E7644000A0071D /* Sources */ = {
			isa = PBXSourcesBuildPhase;
			buildActionMask = 2147483647;
			files = (
				7B49460923E7653500A0071D /* Scoreboard+ReCombine.swift in Sources */,
				7B4945E223E7644000A0071D /* AppDelegate.swift in Sources */,
				7B4945E423E7644000A0071D /* SceneDelegate.swift in Sources */,
				7B4945E623E7644000A0071D /* ScoreboardView.swift in Sources */,
				7B49460B23E8DDC300A0071D /* ScoreboardViewModel.swift in Sources */,
				7B49461423ECF47000A0071D /* ScoreAPIManager.swift in Sources */,
			);
			runOnlyForDeploymentPostprocessing = 0;
		};
		7B4945F023E7644600A0071D /* Sources */ = {
			isa = PBXSourcesBuildPhase;
			buildActionMask = 2147483647;
			files = (
				7B49461223ECEEB300A0071D /* Scoreboard+ReCombineTests.swift in Sources */,
				7B4945F923E7644600A0071D /* ScoreboardViewModelTests.swift in Sources */,
			);
			runOnlyForDeploymentPostprocessing = 0;
		};
/* End PBXSourcesBuildPhase section */

/* Begin PBXTargetDependency section */
		7B4945F623E7644600A0071D /* PBXTargetDependency */ = {
			isa = PBXTargetDependency;
			target = 7B4945DD23E7644000A0071D /* ReCombine Scoreboard */;
			targetProxy = 7B4945F523E7644600A0071D /* PBXContainerItemProxy */;
		};
/* End PBXTargetDependency section */

/* Begin PBXVariantGroup section */
		7B4945EC23E7644600A0071D /* LaunchScreen.storyboard */ = {
			isa = PBXVariantGroup;
			children = (
				7B4945ED23E7644600A0071D /* Base */,
			);
			name = LaunchScreen.storyboard;
			sourceTree = "<group>";
		};
/* End PBXVariantGroup section */

/* Begin XCBuildConfiguration section */
		7B4945FB23E7644600A0071D /* Debug */ = {
			isa = XCBuildConfiguration;
			buildSettings = {
				ALWAYS_SEARCH_USER_PATHS = NO;
				CLANG_ANALYZER_NONNULL = YES;
				CLANG_ANALYZER_NUMBER_OBJECT_CONVERSION = YES_AGGRESSIVE;
				CLANG_CXX_LANGUAGE_STANDARD = "gnu++14";
				CLANG_CXX_LIBRARY = "libc++";
				CLANG_ENABLE_MODULES = YES;
				CLANG_ENABLE_OBJC_ARC = YES;
				CLANG_ENABLE_OBJC_WEAK = YES;
				CLANG_WARN_BLOCK_CAPTURE_AUTORELEASING = YES;
				CLANG_WARN_BOOL_CONVERSION = YES;
				CLANG_WARN_COMMA = YES;
				CLANG_WARN_CONSTANT_CONVERSION = YES;
				CLANG_WARN_DEPRECATED_OBJC_IMPLEMENTATIONS = YES;
				CLANG_WARN_DIRECT_OBJC_ISA_USAGE = YES_ERROR;
				CLANG_WARN_DOCUMENTATION_COMMENTS = YES;
				CLANG_WARN_EMPTY_BODY = YES;
				CLANG_WARN_ENUM_CONVERSION = YES;
				CLANG_WARN_INFINITE_RECURSION = YES;
				CLANG_WARN_INT_CONVERSION = YES;
				CLANG_WARN_NON_LITERAL_NULL_CONVERSION = YES;
				CLANG_WARN_OBJC_IMPLICIT_RETAIN_SELF = YES;
				CLANG_WARN_OBJC_LITERAL_CONVERSION = YES;
				CLANG_WARN_OBJC_ROOT_CLASS = YES_ERROR;
				CLANG_WARN_RANGE_LOOP_ANALYSIS = YES;
				CLANG_WARN_STRICT_PROTOTYPES = YES;
				CLANG_WARN_SUSPICIOUS_MOVE = YES;
				CLANG_WARN_UNGUARDED_AVAILABILITY = YES_AGGRESSIVE;
				CLANG_WARN_UNREACHABLE_CODE = YES;
				CLANG_WARN__DUPLICATE_METHOD_MATCH = YES;
				COPY_PHASE_STRIP = NO;
				DEBUG_INFORMATION_FORMAT = dwarf;
				ENABLE_STRICT_OBJC_MSGSEND = YES;
				ENABLE_TESTABILITY = YES;
				GCC_C_LANGUAGE_STANDARD = gnu11;
				GCC_DYNAMIC_NO_PIC = NO;
				GCC_NO_COMMON_BLOCKS = YES;
				GCC_OPTIMIZATION_LEVEL = 0;
				GCC_PREPROCESSOR_DEFINITIONS = (
					"DEBUG=1",
					"$(inherited)",
				);
				GCC_WARN_64_TO_32_BIT_CONVERSION = YES;
				GCC_WARN_ABOUT_RETURN_TYPE = YES_ERROR;
				GCC_WARN_UNDECLARED_SELECTOR = YES;
				GCC_WARN_UNINITIALIZED_AUTOS = YES_AGGRESSIVE;
				GCC_WARN_UNUSED_FUNCTION = YES;
				GCC_WARN_UNUSED_VARIABLE = YES;
				IPHONEOS_DEPLOYMENT_TARGET = 13.2;
				MTL_ENABLE_DEBUG_INFO = INCLUDE_SOURCE;
				MTL_FAST_MATH = YES;
				ONLY_ACTIVE_ARCH = YES;
				SDKROOT = iphoneos;
				SWIFT_ACTIVE_COMPILATION_CONDITIONS = DEBUG;
				SWIFT_OPTIMIZATION_LEVEL = "-Onone";
			};
			name = Debug;
		};
		7B4945FC23E7644600A0071D /* Release */ = {
			isa = XCBuildConfiguration;
			buildSettings = {
				ALWAYS_SEARCH_USER_PATHS = NO;
				CLANG_ANALYZER_NONNULL = YES;
				CLANG_ANALYZER_NUMBER_OBJECT_CONVERSION = YES_AGGRESSIVE;
				CLANG_CXX_LANGUAGE_STANDARD = "gnu++14";
				CLANG_CXX_LIBRARY = "libc++";
				CLANG_ENABLE_MODULES = YES;
				CLANG_ENABLE_OBJC_ARC = YES;
				CLANG_ENABLE_OBJC_WEAK = YES;
				CLANG_WARN_BLOCK_CAPTURE_AUTORELEASING = YES;
				CLANG_WARN_BOOL_CONVERSION = YES;
				CLANG_WARN_COMMA = YES;
				CLANG_WARN_CONSTANT_CONVERSION = YES;
				CLANG_WARN_DEPRECATED_OBJC_IMPLEMENTATIONS = YES;
				CLANG_WARN_DIRECT_OBJC_ISA_USAGE = YES_ERROR;
				CLANG_WARN_DOCUMENTATION_COMMENTS = YES;
				CLANG_WARN_EMPTY_BODY = YES;
				CLANG_WARN_ENUM_CONVERSION = YES;
				CLANG_WARN_INFINITE_RECURSION = YES;
				CLANG_WARN_INT_CONVERSION = YES;
				CLANG_WARN_NON_LITERAL_NULL_CONVERSION = YES;
				CLANG_WARN_OBJC_IMPLICIT_RETAIN_SELF = YES;
				CLANG_WARN_OBJC_LITERAL_CONVERSION = YES;
				CLANG_WARN_OBJC_ROOT_CLASS = YES_ERROR;
				CLANG_WARN_RANGE_LOOP_ANALYSIS = YES;
				CLANG_WARN_STRICT_PROTOTYPES = YES;
				CLANG_WARN_SUSPICIOUS_MOVE = YES;
				CLANG_WARN_UNGUARDED_AVAILABILITY = YES_AGGRESSIVE;
				CLANG_WARN_UNREACHABLE_CODE = YES;
				CLANG_WARN__DUPLICATE_METHOD_MATCH = YES;
				COPY_PHASE_STRIP = NO;
				DEBUG_INFORMATION_FORMAT = "dwarf-with-dsym";
				ENABLE_NS_ASSERTIONS = NO;
				ENABLE_STRICT_OBJC_MSGSEND = YES;
				GCC_C_LANGUAGE_STANDARD = gnu11;
				GCC_NO_COMMON_BLOCKS = YES;
				GCC_WARN_64_TO_32_BIT_CONVERSION = YES;
				GCC_WARN_ABOUT_RETURN_TYPE = YES_ERROR;
				GCC_WARN_UNDECLARED_SELECTOR = YES;
				GCC_WARN_UNINITIALIZED_AUTOS = YES_AGGRESSIVE;
				GCC_WARN_UNUSED_FUNCTION = YES;
				GCC_WARN_UNUSED_VARIABLE = YES;
				IPHONEOS_DEPLOYMENT_TARGET = 13.2;
				MTL_ENABLE_DEBUG_INFO = NO;
				MTL_FAST_MATH = YES;
				SDKROOT = iphoneos;
				SWIFT_COMPILATION_MODE = wholemodule;
				SWIFT_OPTIMIZATION_LEVEL = "-O";
				VALIDATE_PRODUCT = YES;
			};
			name = Release;
		};
		7B4945FE23E7644600A0071D /* Debug */ = {
			isa = XCBuildConfiguration;
			buildSettings = {
				ASSETCATALOG_COMPILER_APPICON_NAME = AppIcon;
				CODE_SIGN_STYLE = Automatic;
				DEVELOPMENT_ASSET_PATHS = "\"ReCombine Scoreboard/Preview Content\"";
				DEVELOPMENT_TEAM = W25U99UGA7;
				ENABLE_PREVIEWS = YES;
				INFOPLIST_FILE = "ReCombine Scoreboard/Info.plist";
				LD_RUNPATH_SEARCH_PATHS = (
					"$(inherited)",
					"@executable_path/Frameworks",
				);
				PRODUCT_BUNDLE_IDENTIFIER = "JohnCrowson.ReCombine-Scoreboard";
				PRODUCT_NAME = "$(TARGET_NAME)";
				SWIFT_VERSION = 5.0;
				TARGETED_DEVICE_FAMILY = "1,2";
			};
			name = Debug;
		};
		7B4945FF23E7644600A0071D /* Release */ = {
			isa = XCBuildConfiguration;
			buildSettings = {
				ASSETCATALOG_COMPILER_APPICON_NAME = AppIcon;
				CODE_SIGN_STYLE = Automatic;
				DEVELOPMENT_ASSET_PATHS = "\"ReCombine Scoreboard/Preview Content\"";
				DEVELOPMENT_TEAM = W25U99UGA7;
				ENABLE_PREVIEWS = YES;
				INFOPLIST_FILE = "ReCombine Scoreboard/Info.plist";
				LD_RUNPATH_SEARCH_PATHS = (
					"$(inherited)",
					"@executable_path/Frameworks",
				);
				PRODUCT_BUNDLE_IDENTIFIER = "JohnCrowson.ReCombine-Scoreboard";
				PRODUCT_NAME = "$(TARGET_NAME)";
				SWIFT_VERSION = 5.0;
				TARGETED_DEVICE_FAMILY = "1,2";
			};
			name = Release;
		};
		7B49460123E7644600A0071D /* Debug */ = {
			isa = XCBuildConfiguration;
			buildSettings = {
				ALWAYS_EMBED_SWIFT_STANDARD_LIBRARIES = YES;
				BUNDLE_LOADER = "$(TEST_HOST)";
				CODE_SIGN_STYLE = Automatic;
				DEVELOPMENT_TEAM = W25U99UGA7;
				INFOPLIST_FILE = "ReCombine ScoreboardTests/Info.plist";
				IPHONEOS_DEPLOYMENT_TARGET = 13.2;
				LD_RUNPATH_SEARCH_PATHS = (
					"$(inherited)",
					"@executable_path/Frameworks",
					"@loader_path/Frameworks",
				);
				PRODUCT_BUNDLE_IDENTIFIER = "JohnCrowson.ReCombine-ScoreboardTests";
				PRODUCT_NAME = "$(TARGET_NAME)";
				SWIFT_VERSION = 5.0;
				TARGETED_DEVICE_FAMILY = "1,2";
				TEST_HOST = "$(BUILT_PRODUCTS_DIR)/ReCombine Scoreboard.app/ReCombine Scoreboard";
			};
			name = Debug;
		};
		7B49460223E7644600A0071D /* Release */ = {
			isa = XCBuildConfiguration;
			buildSettings = {
				ALWAYS_EMBED_SWIFT_STANDARD_LIBRARIES = YES;
				BUNDLE_LOADER = "$(TEST_HOST)";
				CODE_SIGN_STYLE = Automatic;
				DEVELOPMENT_TEAM = W25U99UGA7;
				INFOPLIST_FILE = "ReCombine ScoreboardTests/Info.plist";
				IPHONEOS_DEPLOYMENT_TARGET = 13.2;
				LD_RUNPATH_SEARCH_PATHS = (
					"$(inherited)",
					"@executable_path/Frameworks",
					"@loader_path/Frameworks",
				);
				PRODUCT_BUNDLE_IDENTIFIER = "JohnCrowson.ReCombine-ScoreboardTests";
				PRODUCT_NAME = "$(TARGET_NAME)";
				SWIFT_VERSION = 5.0;
				TARGETED_DEVICE_FAMILY = "1,2";
				TEST_HOST = "$(BUILT_PRODUCTS_DIR)/ReCombine Scoreboard.app/ReCombine Scoreboard";
			};
			name = Release;
		};
/* End XCBuildConfiguration section */

/* Begin XCConfigurationList section */
		7B4945D923E7644000A0071D /* Build configuration list for PBXProject "ReCombine Scoreboard" */ = {
			isa = XCConfigurationList;
			buildConfigurations = (
				7B4945FB23E7644600A0071D /* Debug */,
				7B4945FC23E7644600A0071D /* Release */,
			);
			defaultConfigurationIsVisible = 0;
			defaultConfigurationName = Release;
		};
		7B4945FD23E7644600A0071D /* Build configuration list for PBXNativeTarget "ReCombine Scoreboard" */ = {
			isa = XCConfigurationList;
			buildConfigurations = (
				7B4945FE23E7644600A0071D /* Debug */,
				7B4945FF23E7644600A0071D /* Release */,
			);
			defaultConfigurationIsVisible = 0;
			defaultConfigurationName = Release;
		};
		7B49460023E7644600A0071D /* Build configuration list for PBXNativeTarget "ReCombine ScoreboardTests" */ = {
			isa = XCConfigurationList;
			buildConfigurations = (
				7B49460123E7644600A0071D /* Debug */,
				7B49460223E7644600A0071D /* Release */,
			);
			defaultConfigurationIsVisible = 0;
			defaultConfigurationName = Release;
		};
/* End XCConfigurationList section */

/* Begin XCRemoteSwiftPackageReference section */
		7B49460C23ECE31200A0071D /* XCRemoteSwiftPackageReference "recombine" */ = {
			isa = XCRemoteSwiftPackageReference;
			repositoryURL = "https://github.com/recombine/recombine.git";
			requirement = {
				branch = master;
				kind = branch;
			};
		};
/* End XCRemoteSwiftPackageReference section */

/* Begin XCSwiftPackageProductDependency section */
		7B49460D23ECE31200A0071D /* ReCombine */ = {
			isa = XCSwiftPackageProductDependency;
			package = 7B49460C23ECE31200A0071D /* XCRemoteSwiftPackageReference "recombine" */;
			productName = ReCombine;
		};
		7B49460F23ECE31200A0071D /* ReCombineTest */ = {
			isa = XCSwiftPackageProductDependency;
			package = 7B49460C23ECE31200A0071D /* XCRemoteSwiftPackageReference "recombine" */;
			productName = ReCombineTest;
		};
/* End XCSwiftPackageProductDependency section */
	};
	rootObject = 7B4945D623E7644000A0071D /* Project object */;
}
